
Microsoft Visual Studio Solution File, Format Version 12.00
# Visual Studio 14
VisualStudioVersion = 14.0.25420.1
MinimumVisualStudioVersion = 10.0.40219.1
Project("{FAE04EC0-301F-11D3-BF4B-00C04F79EFBC}") = "Wechat", "Wechat\Wechat.csproj", "{0F084219-0E69-44DF-B6E7-74D2E36C7DFA}"
EndProject
Project("{FAE04EC0-301F-11D3-BF4B-00C04F79EFBC}") = "Wechat.EnterpriseAccount", "Wechat.EnterpriseAccount\Wechat.EnterpriseAccount.csproj", "{F340EFEB-D1A1-4BDB-AD48-29662E321CFE}"
EndProject
Project("{FAE04EC0-301F-11D3-BF4B-00C04F79EFBC}") = "Wechat.EnterpriseAccount.Test", "Wechat.EnterpriseAccount.Test\Wechat.EnterpriseAccount.Test.csproj", "{623E85B5-0287-498D-96D4-3C52EC954988}"
EndProject
Global
	GlobalSection(SolutionConfigurationPlatforms) = preSolution
		Debug|Any CPU = Debug|Any CPU
		Release|Any CPU = Release|Any CPU
	EndGlobalSection
	GlobalSection(ProjectConfigurationPlatforms) = postSolution
		{0F084219-0E69-44DF-B6E7-74D2E36C7DFA}.Debug|Any CPU.ActiveCfg = Debug|Any CPU
		{0F084219-0E69-44DF-B6E7-74D2E36C7DFA}.Debug|Any CPU.Build.0 = Debug|Any CPU
		{0F084219-0E69-44DF-B6E7-74D2E36C7DFA}.Release|Any CPU.ActiveCfg = Release|Any CPU
		{0F084219-0E69-44DF-B6E7-74D2E36C7DFA}.Release|Any CPU.Build.0 = Release|Any CPU
		{F340EFEB-D1A1-4BDB-AD48-29662E321CFE}.Debug|Any CPU.ActiveCfg = Debug|Any CPU
		{F340EFEB-D1A1-4BDB-AD48-29662E321CFE}.Debug|Any CPU.Build.0 = Debug|Any CPU
		{F340EFEB-D1A1-4BDB-AD48-29662E321CFE}.Release|Any CPU.ActiveCfg = Release|Any CPU
		{F340EFEB-D1A1-4BDB-AD48-29662E321CFE}.Release|Any CPU.Build.0 = Release|Any CPU
		{623E85B5-0287-498D-96D4-3C52EC954988}.Debug|Any CPU.ActiveCfg = Debug|Any CPU
		{623E85B5-0287-498D-96D4-3C52EC954988}.Debug|Any CPU.Build.0 = Debug|Any CPU
		{623E85B5-0287-498D-96D4-3C52EC954988}.Release|Any CPU.ActiveCfg = Release|Any CPU
		{623E85B5-0287-498D-96D4-3C52EC954988}.Release|Any CPU.Build.0 = Release|Any CPU
	EndGlobalSection
	GlobalSection(SolutionProperties) = preSolution
		HideSolutionNode = FALSE
	EndGlobalSection
EndGlobal
